
Microsoft Visual Studio Solution File, Format Version 12.00
# Visual Studio Version 16
VisualStudioVersion = 16.0.32106.194
MinimumVisualStudioVersion = 10.0.40219.1
Project("{9A19103F-16F7-4668-BE54-9A1E7A4F7556}") = "Alphabet2", "Alphabet2\Alphabet2.csproj", "{6B87997D-277F-42AD-8D8C-AA3A1E66AA89}"
EndProject
Project("{FAE04EC0-301F-11D3-BF4B-00C04F79EFBC}") = "CodeLouisvilleLibrary", "..\..\CodeLouisvilleLibrary\CodeLouisvilleLibrary.csproj", "{50F04390-37C3-4CBD-8B34-888B2BA8D5DA}"
EndProject
Global
	GlobalSection(SolutionConfigurationPlatforms) = preSolution
		Debug|Any CPU = Debug|Any CPU
		Release|Any CPU = Release|Any CPU
	EndGlobalSection
	GlobalSection(ProjectConfigurationPlatforms) = postSolution
		{6B87997D-277F-42AD-8D8C-AA3A1E66AA89}.Debug|Any CPU.ActiveCfg = Debug|Any CPU
		{6B87997D-277F-42AD-8D8C-AA3A1E66AA89}.Debug|Any CPU.Build.0 = Debug|Any CPU
		{6B87997D-277F-42AD-8D8C-AA3A1E66AA89}.Release|Any CPU.ActiveCfg = Release|Any CPU
		{6B87997D-277F-42AD-8D8C-AA3A1E66AA89}.Release|Any CPU.Build.0 = Release|Any CPU
		{50F04390-37C3-4CBD-8B34-888B2BA8D5DA}.Debug|Any CPU.ActiveCfg = Debug|Any CPU
		{50F04390-37C3-4CBD-8B34-888B2BA8D5DA}.Debug|Any CPU.Build.0 = Debug|Any CPU
		{50F04390-37C3-4CBD-8B34-888B2BA8D5DA}.Release|Any CPU.ActiveCfg = Release|Any CPU
		{50F04390-37C3-4CBD-8B34-888B2BA8D5DA}.Release|Any CPU.Build.0 = Release|Any CPU
	EndGlobalSection
	GlobalSection(SolutionProperties) = preSolution
		HideSolutionNode = FALSE
	EndGlobalSection
	GlobalSection(ExtensibilityGlobals) = postSolution
		SolutionGuid = {06E2E66B-3E2C-49E9-81A6-A731DDDD9F79}
	EndGlobalSection
EndGlobal
