
Microsoft Visual Studio Solution File, Format Version 12.00
# Visual Studio Version 16
VisualStudioVersion = 16.0.31515.178
MinimumVisualStudioVersion = 10.0.40219.1
Project("{FAE04EC0-301F-11D3-BF4B-00C04F79EFBC}") = "PrimeNumbers", "PrimeNumbers\PrimeNumbers.csproj", "{810431C8-A6C9-4C9F-ACB7-8D5A497ED9BA}"
EndProject
Global
	GlobalSection(SolutionConfigurationPlatforms) = preSolution
		Debug|Any CPU = Debug|Any CPU
		Release|Any CPU = Release|Any CPU
	EndGlobalSection
	GlobalSection(ProjectConfigurationPlatforms) = postSolution
		{810431C8-A6C9-4C9F-ACB7-8D5A497ED9BA}.Debug|Any CPU.ActiveCfg = Debug|Any CPU
		{810431C8-A6C9-4C9F-ACB7-8D5A497ED9BA}.Debug|Any CPU.Build.0 = Debug|Any CPU
		{810431C8-A6C9-4C9F-ACB7-8D5A497ED9BA}.Release|Any CPU.ActiveCfg = Release|Any CPU
		{810431C8-A6C9-4C9F-ACB7-8D5A497ED9BA}.Release|Any CPU.Build.0 = Release|Any CPU
	EndGlobalSection
	GlobalSection(SolutionProperties) = preSolution
		HideSolutionNode = FALSE
	EndGlobalSection
	GlobalSection(ExtensibilityGlobals) = postSolution
		SolutionGuid = {141D940D-D038-4E25-B10C-B40E236C3CDD}
	EndGlobalSection
EndGlobal
