
Microsoft Visual Studio Solution File, Format Version 12.00
# Visual Studio Version 16
VisualStudioVersion = 16.0.32106.194
MinimumVisualStudioVersion = 10.0.40219.1
Project("{FAE04EC0-301F-11D3-BF4B-00C04F79EFBC}") = "AlphabetDemoUsingExtension", "AlphabetDemoUsingExtension\AlphabetDemoUsingExtension.csproj", "{66A650DF-294B-4A74-B663-E67DC930E940}"
EndProject
Global
	GlobalSection(SolutionConfigurationPlatforms) = preSolution
		Debug|Any CPU = Debug|Any CPU
		Release|Any CPU = Release|Any CPU
	EndGlobalSection
	GlobalSection(ProjectConfigurationPlatforms) = postSolution
		{66A650DF-294B-4A74-B663-E67DC930E940}.Debug|Any CPU.ActiveCfg = Debug|Any CPU
		{66A650DF-294B-4A74-B663-E67DC930E940}.Debug|Any CPU.Build.0 = Debug|Any CPU
		{66A650DF-294B-4A74-B663-E67DC930E940}.Release|Any CPU.ActiveCfg = Release|Any CPU
		{66A650DF-294B-4A74-B663-E67DC930E940}.Release|Any CPU.Build.0 = Release|Any CPU
	EndGlobalSection
	GlobalSection(SolutionProperties) = preSolution
		HideSolutionNode = FALSE
	EndGlobalSection
	GlobalSection(ExtensibilityGlobals) = postSolution
		SolutionGuid = {999F6FFF-2690-4D5C-A6E5-4290F976E310}
	EndGlobalSection
EndGlobal
